github.com/klauspost/compress v1.20.0 h1:a3C1ke2ohxFymNlb2HWAHjDeKCI90scRskErZkR0ezA=
github.com/klauspost/compress v1.20.0/go.mod h1:LUdAzn7YLVvxLpc7y3V1m40wESHTgc1422pwwBSKYuI=
github.com/pierrec/lz4/v4 v4.1.30 h1:cchX8N2DVP668WkElI9QMwVyoNabLkq1LofDHFeIrdg=
github.com/pierrec/lz4/v4 v4.1.30/go.mod h1:EoQMVJgeeEOMsCqCzqFm2O0cJvljX2nGZjcRIPL34O4=
github.com/twmb/franz-go v1.22.0 h1:/CN0IfwJIlkO8ml78sR+1nfciyJ1qzf/ebp2lJeTnus=
github.com/twmb/franz-go v1.22.0/go.mod h1:b2qISbZgMTJRcIsltVqPz4+Bb2Lw/9bN+/Gd0C07kYw=
github.com/twmb/franz-go/pkg/kadm v1.19.0 h1:5Nx/WWFkpNUi8Z55Skxvn9x5HOCjw+BUntSNB1kLglk=
github.com/twmb/franz-go/pkg/kadm v1.19.0/go.mod h1:emmsx5J7YPU9A7UHcSoz0fBMYVmCcJO2etylJeU0VHU=
github.com/twmb/franz-go/pkg/kmsg v1.14.0 h1:gSxrBEKWl3qnsx3QKWol5OEVujuPmIoDkhMt3didFKM=
github.com/twmb/franz-go/pkg/kmsg v1.14.0/go.mod h1:+DPt4NC8RmI6hqb8G09+3giKObE6uD2Eya6CfqBpeJY=
github.com/twmb/franz-go/plugin/kslog v1.0.0 h1:I64oEmF+0PDvmyLgwrlOtg4mfpSE9GwlcLxM4af2t60=
github.com/twmb/franz-go/plugin/kslog v1.0.0/go.mod h1:8pMjK3OJJJNNYddBSbnXZkIK5dCKFIk9GcVVCDgvnQc=
github.com/twmb/franz-go/plugin/kzap v1.1.2 h1:0arX5xJ0soUPX1LlDay6ZZoxuWkWk1lggQ5M/IgRXAE=
github.com/twmb/franz-go/plugin/kzap v1.1.2/go.mod h1:53Cl9Uz1pbdOPDvUISIxLrZIWSa2jCuY1bTMauRMBmo=
go.uber.org/atomic v1.10.0 h1:9qC72Qh0+3MqyJbAn8YU5xVq1frD8bn3JtD2oXtafVQ=
go.uber.org/atomic v1.10.0/go.mod h1:LUxbIzbOniOlMKjJjyPfpl4v+PKK2cNJn91OQbhoJI0=
go.uber.org/multierr v1.10.0 h1:S0h4aNzvfcFsC3dRF1jLoaov7oRaKqRGC/pUEJ2yvPQ=
go.uber.org/multierr v1.10.0/go.mod h1:20+QtiLqy0Nd6FdQB9TLXag12DsQkrbs3htMFfDN80Y=
go.uber.org/zap v1.24.0 h1:FiJd5l1UOLj0wCgbSE0rwwXHzEdAZS6hiiSnxJN/D60=
go.uber.org/zap v1.24.0/go.mod h1:2kMP+WWQ8aoFoedH3T2sq6iJ2yDWpHbP0f6MQbS9Gkg=
